
Microsoft Visual Studio Solution File, Format Version 12.00
# Visual Studio 15
VisualStudioVersion = 15.0.27130.2010
MinimumVisualStudioVersion = 10.0.40219.1
Project("{FAE04EC0-301F-11D3-BF4B-00C04F79EFBC}") = "hotReloadCrashRepro", "hotReloadCrashRepro\hotReloadCrashRepro.csproj", "{22642FAA-C1AA-403E-97F7-6503790B6FE5}"
EndProject
Global
	GlobalSection(SolutionConfigurationPlatforms) = preSolution
		Debug|Any CPU = Debug|Any CPU
		Debug|x64 = Debug|x64
		Release|Any CPU = Release|Any CPU
		Release|x64 = Release|x64
	EndGlobalSection
	GlobalSection(ProjectConfigurationPlatforms) = postSolution
		{22642FAA-C1AA-403E-97F7-6503790B6FE5}.Debug|Any CPU.ActiveCfg = Debug|Any CPU
		{22642FAA-C1AA-403E-97F7-6503790B6FE5}.Debug|Any CPU.Build.0 = Debug|Any CPU
		{22642FAA-C1AA-403E-97F7-6503790B6FE5}.Debug|x64.ActiveCfg = Debug|x64
		{22642FAA-C1AA-403E-97F7-6503790B6FE5}.Debug|x64.Build.0 = Debug|x64
		{22642FAA-C1AA-403E-97F7-6503790B6FE5}.Release|Any CPU.ActiveCfg = Release|Any CPU
		{22642FAA-C1AA-403E-97F7-6503790B6FE5}.Release|Any CPU.Build.0 = Release|Any CPU
		{22642FAA-C1AA-403E-97F7-6503790B6FE5}.Release|x64.ActiveCfg = Release|x64
		{22642FAA-C1AA-403E-97F7-6503790B6FE5}.Release|x64.Build.0 = Release|x64
	EndGlobalSection
	GlobalSection(SolutionProperties) = preSolution
		HideSolutionNode = FALSE
	EndGlobalSection
	GlobalSection(ExtensibilityGlobals) = postSolution
		SolutionGuid = {A708C94C-14C4-4EFD-8EC9-9ED5695A2478}
	EndGlobalSection
EndGlobal
